// !$*UTF8*$!
{
	archiveVersion = 1;
	classes = {
	};
	objectVersion = 50;
	objects = {

/* Begin PBXBuildFile section */
		AB0AF47B25CC907800E2E4E7 /* RobotoMono-Regular.ttf in Resources */ = {isa = PBXBuildFile; fileRef = AB0AF47A25CC907800E2E4E7 /* RobotoMono-Regular.ttf */; };
		AB0AF47E25CC90A800E2E4E7 /* Roboto-Italic.ttf in Resources */ = {isa = PBXBuildFile; fileRef = AB0AF47D25CC90A800E2E4E7 /* Roboto-Italic.ttf */; };
		AB0AF48425CC94A100E2E4E7 /* stylesheet.css in Resources */ = {isa = PBXBuildFile; fileRef = AB0AF48325CC94A100E2E4E7 /* stylesheet.css */; };
		AB0AF48825CCA46200E2E4E7 /* UITableView+NibRegistration.swift in Sources */ = {isa = PBXBuildFile; fileRef = AB0AF48725CCA46200E2E4E7 /* UITableView+NibRegistration.swift */; };
		AB0E68BA25C8ECD900F17D62 /* SliderCell.xib in Resources */ = {isa = PBXBuildFile; fileRef = AB0E68B925C8ECD900F17D62 /* SliderCell.xib */; };
		AB0E68BD25C8ECF400F17D62 /* SliderCell.swift in Sources */ = {isa = PBXBuildFile; fileRef = AB0E68BC25C8ECF400F17D62 /* SliderCell.swift */; };
		AB0E68C125C907D800F17D62 /* DetailViewController.swift in Sources */ = {isa = PBXBuildFile; fileRef = AB0E68C025C907D800F17D62 /* DetailViewController.swift */; };
		AB0E68C825C9C8D900F17D62 /* UIView+Nib.swift in Sources */ = {isa = PBXBuildFile; fileRef = AB0E68C725C9C8D900F17D62 /* UIView+Nib.swift */; };
		AB0E68CB25C9CE1A00F17D62 /* TrackView.xib in Resources */ = {isa = PBXBuildFile; fileRef = AB0E68CA25C9CE1A00F17D62 /* TrackView.xib */; };
		AB0E68CE25C9CE2700F17D62 /* TrackView.swift in Sources */ = {isa = PBXBuildFile; fileRef = AB0E68CD25C9CE2700F17D62 /* TrackView.swift */; };
		AB0E68D125C9FE4200F17D62 /* example.html in Resources */ = {isa = PBXBuildFile; fileRef = AB0E68D025C9FE4200F17D62 /* example.html */; };
		AB0E68EE25CA2A0A00F17D62 /* SceneDelegate.swift in Sources */ = {isa = PBXBuildFile; fileRef = AB0E68ED25CA2A0A00F17D62 /* SceneDelegate.swift */; };
		AB0E68F325CB42A700F17D62 /* FontScalingNavigationController.swift in Sources */ = {isa = PBXBuildFile; fileRef = AB0E68F225CB42A700F17D62 /* FontScalingNavigationController.swift */; };
		ABDE600E25C8AB6E00B6369B /* AppDelegate.swift in Sources */ = {isa = PBXBuildFile; fileRef = ABDE600D25C8AB6E00B6369B /* AppDelegate.swift */; };
		ABDE601525C8AB6E00B6369B /* Main.storyboard in Resources */ = {isa = PBXBuildFile; fileRef = ABDE601325C8AB6E00B6369B /* Main.storyboard */; };
		ABDE601725C8AB6F00B6369B /* Assets.xcassets in Resources */ = {isa = PBXBuildFile; fileRef = ABDE601625C8AB6F00B6369B /* Assets.xcassets */; };
		ABDE601A25C8AB6F00B6369B /* LaunchScreen.storyboard in Resources */ = {isa = PBXBuildFile; fileRef = ABDE601825C8AB6F00B6369B /* LaunchScreen.storyboard */; };
		ABDE602725C8B9F500B6369B /* Preferences.swift in Sources */ = {isa = PBXBuildFile; fileRef = ABDE602625C8B9F500B6369B /* Preferences.swift */; };
/* End PBXBuildFile section */

/* Begin PBXFileReference section */
		AB0AF47A25CC907800E2E4E7 /* RobotoMono-Regular.ttf */ = {isa = PBXFileReference; lastKnownFileType = file; path = "RobotoMono-Regular.ttf"; sourceTree = "<group>"; };
		AB0AF47D25CC90A800E2E4E7 /* Roboto-Italic.ttf */ = {isa = PBXFileReference; lastKnownFileType = file; path = "Roboto-Italic.ttf"; sourceTree = "<group>"; };
		AB0AF48325CC94A100E2E4E7 /* stylesheet.css */ = {isa = PBXFileReference; fileEncoding = 4; lastKnownFileType = text.css; path = stylesheet.css; sourceTree = "<group>"; };
		AB0AF48725CCA46200E2E4E7 /* UITableView+NibRegistration.swift */ = {isa = PBXFileReference; lastKnownFileType = sourcecode.swift; path = "UITableView+NibRegistration.swift"; sourceTree = "<group>"; };
		AB0E68B925C8ECD900F17D62 /* SliderCell.xib */ = {isa = PBXFileReference; lastKnownFileType = file.xib; path = SliderCell.xib; sourceTree = "<group>"; };
		AB0E68BC25C8ECF400F17D62 /* SliderCell.swift */ = {isa = PBXFileReference; lastKnownFileType = sourcecode.swift; path = SliderCell.swift; sourceTree = "<group>"; };
		AB0E68C025C907D800F17D62 /* DetailViewController.swift */ = {isa = PBXFileReference; lastKnownFileType = sourcecode.swift; path = DetailViewController.swift; sourceTree = "<group>"; };
		AB0E68C725C9C8D900F17D62 /* UIView+Nib.swift */ = {isa = PBXFileReference; lastKnownFileType = sourcecode.swift; path = "UIView+Nib.swift"; sourceTree = "<group>"; };
		AB0E68CA25C9CE1A00F17D62 /* TrackView.xib */ = {isa = PBXFileReference; lastKnownFileType = file.xib; path = TrackView.xib; sourceTree = "<group>"; };
		AB0E68CD25C9CE2700F17D62 /* TrackView.swift */ = {isa = PBXFileReference; lastKnownFileType = sourcecode.swift; path = TrackView.swift; sourceTree = "<group>"; };
		AB0E68D025C9FE4200F17D62 /* example.html */ = {isa = PBXFileReference; lastKnownFileType = text.html; path = example.html; sourceTree = "<group>"; };
		AB0E68ED25CA2A0A00F17D62 /* SceneDelegate.swift */ = {isa = PBXFileReference; fileEncoding = 4; lastKnownFileType = sourcecode.swift; path = SceneDelegate.swift; sourceTree = "<group>"; };
		AB0E68F225CB42A700F17D62 /* FontScalingNavigationController.swift */ = {isa = PBXFileReference; fileEncoding = 4; lastKnownFileType = sourcecode.swift; path = FontScalingNavigationController.swift; sourceTree = "<group>"; };
		ABDE600A25C8AB6E00B6369B /* DynamicTypeDemo.app */ = {isa = PBXFileReference; explicitFileType = wrapper.application; includeInIndex = 0; path = DynamicTypeDemo.app; sourceTree = BUILT_PRODUCTS_DIR; };
		ABDE600D25C8AB6E00B6369B /* AppDelegate.swift */ = {isa = PBXFileReference; lastKnownFileType = sourcecode.swift; path = AppDelegate.swift; sourceTree = "<group>"; };
		ABDE601425C8AB6E00B6369B /* Base */ = {isa = PBXFileReference; lastKnownFileType = file.storyboard; name = Base; path = Base.lproj/Main.storyboard; sourceTree = "<group>"; };
		ABDE601625C8AB6F00B6369B /* Assets.xcassets */ = {isa = PBXFileReference; lastKnownFileType = folder.assetcatalog; path = Assets.xcassets; sourceTree = "<group>"; };
		ABDE601925C8AB6F00B6369B /* Base */ = {isa = PBXFileReference; lastKnownFileType = file.storyboard; name = Base; path = Base.lproj/LaunchScreen.storyboard; sourceTree = "<group>"; };
		ABDE601B25C8AB6F00B6369B /* Info.plist */ = {isa = PBXFileReference; lastKnownFileType = text.plist.xml; path = Info.plist; sourceTree = "<group>"; };
		ABDE602625C8B9F500B6369B /* Preferences.swift */ = {isa = PBXFileReference; lastKnownFileType = sourcecode.swift; path = Preferences.swift; sourceTree = "<group>"; };
/* End PBXFileReference section */

/* Begin PBXFrameworksBuildPhase section */
		ABDE600725C8AB6E00B6369B /* Frameworks */ = {
			isa = PBXFrameworksBuildPhase;
			buildActionMask = 2147483647;
			files = (
			);
			runOnlyForDeploymentPostprocessing = 0;
		};
/* End PBXFrameworksBuildPhase section */

/* Begin PBXGroup section */
		AB0AF48A25CCA5C100E2E4E7 /* HTML */ = {
			isa = PBXGroup;
			children = (
				AB0E68D025C9FE4200F17D62 /* example.html */,
				AB0AF48325CC94A100E2E4E7 /* stylesheet.css */,
			);
			path = HTML;
			sourceTree = "<group>";
		};
		AB0AF48B25CCA5FE00E2E4E7 /* Fonts */ = {
			isa = PBXGroup;
			children = (
				AB0AF47D25CC90A800E2E4E7 /* Roboto-Italic.ttf */,
				AB0AF47A25CC907800E2E4E7 /* RobotoMono-Regular.ttf */,
			);
			path = Fonts;
			sourceTree = "<group>";
		};
		AB0AF48C25CCA61100E2E4E7 /* Application */ = {
			isa = PBXGroup;
			children = (
				AB0E68C025C907D800F17D62 /* DetailViewController.swift */,
				ABDE602625C8B9F500B6369B /* Preferences.swift */,
				AB0E68F225CB42A700F17D62 /* FontScalingNavigationController.swift */,
				AB0E68ED25CA2A0A00F17D62 /* SceneDelegate.swift */,
				ABDE600D25C8AB6E00B6369B /* AppDelegate.swift */,
				ABDE601325C8AB6E00B6369B /* Main.storyboard */,
				ABDE601625C8AB6F00B6369B /* Assets.xcassets */,
				ABDE601B25C8AB6F00B6369B /* Info.plist */,
				ABDE601825C8AB6F00B6369B /* LaunchScreen.storyboard */,
			);
			path = Application;
			sourceTree = "<group>";
		};
		AB0AF48D25CCA62700E2E4E7 /* Views */ = {
			isa = PBXGroup;
			children = (
				AB0E68C725C9C8D900F17D62 /* UIView+Nib.swift */,
				AB0E68CA25C9CE1A00F17D62 /* TrackView.xib */,
				AB0E68CD25C9CE2700F17D62 /* TrackView.swift */,
				AB0E68B925C8ECD900F17D62 /* SliderCell.xib */,
				AB0E68BC25C8ECF400F17D62 /* SliderCell.swift */,
				AB0AF48725CCA46200E2E4E7 /* UITableView+NibRegistration.swift */,
			);
			path = Views;
			sourceTree = "<group>";
		};
		ABDE600125C8AB6E00B6369B = {
			isa = PBXGroup;
			children = (
				ABDE600C25C8AB6E00B6369B /* DynamicTypeDemo */,
				ABDE600B25C8AB6E00B6369B /* Products */,
			);
			sourceTree = "<group>";
		};
		ABDE600B25C8AB6E00B6369B /* Products */ = {
			isa = PBXGroup;
			children = (
				ABDE600A25C8AB6E00B6369B /* DynamicTypeDemo.app */,
			);
			name = Products;
			sourceTree = "<group>";
		};
		ABDE600C25C8AB6E00B6369B /* DynamicTypeDemo */ = {
			isa = PBXGroup;
			children = (
				AB0AF48C25CCA61100E2E4E7 /* Application */,
				AB0AF48D25CCA62700E2E4E7 /* Views */,
				AB0AF48B25CCA5FE00E2E4E7 /* Fonts */,
				AB0AF48A25CCA5C100E2E4E7 /* HTML */,
			);
			path = DynamicTypeDemo;
			sourceTree = "<group>";
		};
/* End PBXGroup section */

/* Begin PBXNativeTarget section */
		ABDE600925C8AB6E00B6369B /* DynamicTypeDemo */ = {
			isa = PBXNativeTarget;
			buildConfigurationList = ABDE601E25C8AB6F00B6369B /* Build configuration list for PBXNativeTarget "DynamicTypeDemo" */;
			buildPhases = (
				ABDE600625C8AB6E00B6369B /* Sources */,
				ABDE600725C8AB6E00B6369B /* Frameworks */,
				ABDE600825C8AB6E00B6369B /* Resources */,
			);
			buildRules = (
			);
			dependencies = (
			);
			name = DynamicTypeDemo;
			productName = DynamicTypeDemo;
			productReference = ABDE600A25C8AB6E00B6369B /* DynamicTypeDemo.app */;
			productType = "com.apple.product-type.application";
		};
/* End PBXNativeTarget section */

/* Begin PBXProject section */
		ABDE600225C8AB6E00B6369B /* Project object */ = {
			isa = PBXProject;
			attributes = {
				LastSwiftUpdateCheck = 1230;
				LastUpgradeCheck = 1230;
				TargetAttributes = {
					ABDE600925C8AB6E00B6369B = {
						CreatedOnToolsVersion = 12.3;
					};
				};
			};
			buildConfigurationList = ABDE600525C8AB6E00B6369B /* Build configuration list for PBXProject "DynamicTypeDemo" */;
			compatibilityVersion = "Xcode 9.3";
			developmentRegion = en;
			hasScannedForEncodings = 0;
			knownRegions = (
				en,
				Base,
			);
			mainGroup = ABDE600125C8AB6E00B6369B;
			productRefGroup = ABDE600B25C8AB6E00B6369B /* Products */;
			projectDirPath = "";
			projectRoot = "";
			targets = (
				ABDE600925C8AB6E00B6369B /* DynamicTypeDemo */,
			);
		};
/* End PBXProject section */

/* Begin PBXResourcesBuildPhase section */
		ABDE600825C8AB6E00B6369B /* Resources */ = {
			isa = PBXResourcesBuildPhase;
			buildActionMask = 2147483647;
			files = (
				AB0AF47B25CC907800E2E4E7 /* RobotoMono-Regular.ttf in Resources */,
				AB0AF48425CC94A100E2E4E7 /* stylesheet.css in Resources */,
				ABDE601A25C8AB6F00B6369B /* LaunchScreen.storyboard in Resources */,
				AB0E68BA25C8ECD900F17D62 /* SliderCell.xib in Resources */,
				ABDE601725C8AB6F00B6369B /* Assets.xcassets in Resources */,
				ABDE601525C8AB6E00B6369B /* Main.storyboard in Resources */,
				AB0AF47E25CC90A800E2E4E7 /* Roboto-Italic.ttf in Resources */,
				AB0E68CB25C9CE1A00F17D62 /* TrackView.xib in Resources */,
				AB0E68D125C9FE4200F17D62 /* example.html in Resources */,
			);
			runOnlyForDeploymentPostprocessing = 0;
		};
/* End PBXResourcesBuildPhase section */

/* Begin PBXSourcesBuildPhase section */
		ABDE600625C8AB6E00B6369B /* Sources */ = {
			isa = PBXSourcesBuildPhase;
			buildActionMask = 2147483647;
			files = (
				AB0E68C825C9C8D900F17D62 /* UIView+Nib.swift in Sources */,
				ABDE600E25C8AB6E00B6369B /* AppDelegate.swift in Sources */,
				ABDE602725C8B9F500B6369B /* Preferences.swift in Sources */,
				AB0E68CE25C9CE2700F17D62 /* TrackView.swift in Sources */,
				AB0AF48825CCA46200E2E4E7 /* UITableView+NibRegistration.swift in Sources */,
				AB0E68F325CB42A700F17D62 /* FontScalingNavigationController.swift in Sources */,
				AB0E68C125C907D800F17D62 /* DetailViewController.swift in Sources */,
				AB0E68BD25C8ECF400F17D62 /* SliderCell.swift in Sources */,
				AB0E68EE25CA2A0A00F17D62 /* SceneDelegate.swift in Sources */,
			);
			runOnlyForDeploymentPostprocessing = 0;
		};
/* End PBXSourcesBuildPhase section */

/* Begin PBXVariantGroup section */
		ABDE601325C8AB6E00B6369B /* Main.storyboard */ = {
			isa = PBXVariantGroup;
			children = (
				ABDE601425C8AB6E00B6369B /* Base */,
			);
			name = Main.storyboard;
			sourceTree = "<group>";
		};
		ABDE601825C8AB6F00B6369B /* LaunchScreen.storyboard */ = {
			isa = PBXVariantGroup;
			children = (
				ABDE601925C8AB6F00B6369B /* Base */,
			);
			name = LaunchScreen.storyboard;
			sourceTree = "<group>";
		};
/* End PBXVariantGroup section */

/* Begin XCBuildConfiguration section */
		ABDE601C25C8AB6F00B6369B /* Debug */ = {
			isa = XCBuildConfiguration;
			buildSettings = {
				ALWAYS_SEARCH_USER_PATHS = NO;
				CLANG_ANALYZER_NONNULL = YES;
				CLANG_ANALYZER_NUMBER_OBJECT_CONVERSION = YES_AGGRESSIVE;
				CLANG_CXX_LANGUAGE_STANDARD = "gnu++14";
				CLANG_CXX_LIBRARY = "libc++";
				CLANG_ENABLE_MODULES = YES;
				CLANG_ENABLE_OBJC_ARC = YES;
				CLANG_ENABLE_OBJC_WEAK = YES;
				CLANG_WARN_BLOCK_CAPTURE_AUTORELEASING = YES;
				CLANG_WARN_BOOL_CONVERSION = YES;
				CLANG_WARN_COMMA = YES;
				CLANG_WARN_CONSTANT_CONVERSION = YES;
				CLANG_WARN_DEPRECATED_OBJC_IMPLEMENTATIONS = YES;
				CLANG_WARN_DIRECT_OBJC_ISA_USAGE = YES_ERROR;
				CLANG_WARN_DOCUMENTATION_COMMENTS = YES;
				CLANG_WARN_EMPTY_BODY = YES;
				CLANG_WARN_ENUM_CONVERSION = YES;
				CLANG_WARN_INFINITE_RECURSION = YES;
				CLANG_WARN_INT_CONVERSION = YES;
				CLANG_WARN_NON_LITERAL_NULL_CONVERSION = YES;
				CLANG_WARN_OBJC_IMPLICIT_RETAIN_SELF = YES;
				CLANG_WARN_OBJC_LITERAL_CONVERSION = YES;
				CLANG_WARN_OBJC_ROOT_CLASS = YES_ERROR;
				CLANG_WARN_QUOTED_INCLUDE_IN_FRAMEWORK_HEADER = YES;
				CLANG_WARN_RANGE_LOOP_ANALYSIS = YES;
				CLANG_WARN_STRICT_PROTOTYPES = YES;
				CLANG_WARN_SUSPICIOUS_MOVE = YES;
				CLANG_WARN_UNGUARDED_AVAILABILITY = YES_AGGRESSIVE;
				CLANG_WARN_UNREACHABLE_CODE = YES;
				CLANG_WARN__DUPLICATE_METHOD_MATCH = YES;
				COPY_PHASE_STRIP = NO;
				DEBUG_INFORMATION_FORMAT = dwarf;
				ENABLE_STRICT_OBJC_MSGSEND = YES;
				ENABLE_TESTABILITY = YES;
				GCC_C_LANGUAGE_STANDARD = gnu11;
				GCC_DYNAMIC_NO_PIC = NO;
				GCC_NO_COMMON_BLOCKS = YES;
				GCC_OPTIMIZATION_LEVEL = 0;
				GCC_PREPROCESSOR_DEFINITIONS = (
					"DEBUG=1",
					"$(inherited)",
				);
				GCC_WARN_64_TO_32_BIT_CONVERSION = YES;
				GCC_WARN_ABOUT_RETURN_TYPE = YES_ERROR;
				GCC_WARN_UNDECLARED_SELECTOR = YES;
				GCC_WARN_UNINITIALIZED_AUTOS = YES_AGGRESSIVE;
				GCC_WARN_UNUSED_FUNCTION = YES;
				GCC_WARN_UNUSED_VARIABLE = YES;
				IPHONEOS_DEPLOYMENT_TARGET = 14.3;
				MTL_ENABLE_DEBUG_INFO = INCLUDE_SOURCE;
				MTL_FAST_MATH = YES;
				ONLY_ACTIVE_ARCH = YES;
				SDKROOT = iphoneos;
				SWIFT_ACTIVE_COMPILATION_CONDITIONS = DEBUG;
				SWIFT_OPTIMIZATION_LEVEL = "-Onone";
			};
			name = Debug;
		};
		ABDE601D25C8AB6F00B6369B /* Release */ = {
			isa = XCBuildConfiguration;
			buildSettings = {
				ALWAYS_SEARCH_USER_PATHS = NO;
				CLANG_ANALYZER_NONNULL = YES;
				CLANG_ANALYZER_NUMBER_OBJECT_CONVERSION = YES_AGGRESSIVE;
				CLANG_CXX_LANGUAGE_STANDARD = "gnu++14";
				CLANG_CXX_LIBRARY = "libc++";
				CLANG_ENABLE_MODULES = YES;
				CLANG_ENABLE_OBJC_ARC = YES;
				CLANG_ENABLE_OBJC_WEAK = YES;
				CLANG_WARN_BLOCK_CAPTURE_AUTORELEASING = YES;
				CLANG_WARN_BOOL_CONVERSION = YES;
				CLANG_WARN_COMMA = YES;
				CLANG_WARN_CONSTANT_CONVERSION = YES;
				CLANG_WARN_DEPRECATED_OBJC_IMPLEMENTATIONS = YES;
				CLANG_WARN_DIRECT_OBJC_ISA_USAGE = YES_ERROR;
				CLANG_WARN_DOCUMENTATION_COMMENTS = YES;
				CLANG_WARN_EMPTY_BODY = YES;
				CLANG_WARN_ENUM_CONVERSION = YES;
				CLANG_WARN_INFINITE_RECURSION = YES;
				CLANG_WARN_INT_CONVERSION = YES;
				CLANG_WARN_NON_LITERAL_NULL_CONVERSION = YES;
				CLANG_WARN_OBJC_IMPLICIT_RETAIN_SELF = YES;
				CLANG_WARN_OBJC_LITERAL_CONVERSION = YES;
				CLANG_WARN_OBJC_ROOT_CLASS = YES_ERROR;
				CLANG_WARN_QUOTED_INCLUDE_IN_FRAMEWORK_HEADER = YES;
				CLANG_WARN_RANGE_LOOP_ANALYSIS = YES;
				CLANG_WARN_STRICT_PROTOTYPES = YES;
				CLANG_WARN_SUSPICIOUS_MOVE = YES;
				CLANG_WARN_UNGUARDED_AVAILABILITY = YES_AGGRESSIVE;
				CLANG_WARN_UNREACHABLE_CODE = YES;
				CLANG_WARN__DUPLICATE_METHOD_MATCH = YES;
				COPY_PHASE_STRIP = NO;
				DEBUG_INFORMATION_FORMAT = "dwarf-with-dsym";
				ENABLE_NS_ASSERTIONS = NO;
				ENABLE_STRICT_OBJC_MSGSEND = YES;
				GCC_C_LANGUAGE_STANDARD = gnu11;
				GCC_NO_COMMON_BLOCKS = YES;
				GCC_WARN_64_TO_32_BIT_CONVERSION = YES;
				GCC_WARN_ABOUT_RETURN_TYPE = YES_ERROR;
				GCC_WARN_UNDECLARED_SELECTOR = YES;
				GCC_WARN_UNINITIALIZED_AUTOS = YES_AGGRESSIVE;
				GCC_WARN_UNUSED_FUNCTION = YES;
				GCC_WARN_UNUSED_VARIABLE = YES;
				IPHONEOS_DEPLOYMENT_TARGET = 14.3;
				MTL_ENABLE_DEBUG_INFO = NO;
				MTL_FAST_MATH = YES;
				SDKROOT = iphoneos;
				SWIFT_COMPILATION_MODE = wholemodule;
				SWIFT_OPTIMIZATION_LEVEL = "-O";
				VALIDATE_PRODUCT = YES;
			};
			name = Release;
		};
		ABDE601F25C8AB6F00B6369B /* Debug */ = {
			isa = XCBuildConfiguration;
			buildSettings = {
				ASSETCATALOG_COMPILER_APPICON_NAME = AppIcon;
				ASSETCATALOG_COMPILER_GLOBAL_ACCENT_COLOR_NAME = AccentColor;
				CODE_SIGN_STYLE = Automatic;
				DEVELOPMENT_TEAM = JL4AKR8DVC;
				INFOPLIST_FILE = DynamicTypeDemo/Application/Info.plist;
				LD_RUNPATH_SEARCH_PATHS = (
					"$(inherited)",
					"@executable_path/Frameworks",
				);
				PRODUCT_BUNDLE_IDENTIFIER = com.DynamicTypeDemo;
				PRODUCT_NAME = "$(TARGET_NAME)";
				SWIFT_VERSION = 5.0;
				TARGETED_DEVICE_FAMILY = "1,2";
			};
			name = Debug;
		};
		ABDE602025C8AB6F00B6369B /* Release */ = {
			isa = XCBuildConfiguration;
			buildSettings = {
				ASSETCATALOG_COMPILER_APPICON_NAME = AppIcon;
				ASSETCATALOG_COMPILER_GLOBAL_ACCENT_COLOR_NAME = AccentColor;
				CODE_SIGN_STYLE = Automatic;
				DEVELOPMENT_TEAM = JL4AKR8DVC;
				INFOPLIST_FILE = DynamicTypeDemo/Application/Info.plist;
				LD_RUNPATH_SEARCH_PATHS = (
					"$(inherited)",
					"@executable_path/Frameworks",
				);
				PRODUCT_BUNDLE_IDENTIFIER = com.DynamicTypeDemo;
				PRODUCT_NAME = "$(TARGET_NAME)";
				SWIFT_VERSION = 5.0;
				TARGETED_DEVICE_FAMILY = "1,2";
			};
			name = Release;
		};
/* End XCBuildConfiguration section */

/* Begin XCConfigurationList section */
		ABDE600525C8AB6E00B6369B /* Build configuration list for PBXProject "DynamicTypeDemo" */ = {
			isa = XCConfigurationList;
			buildConfigurations = (
				ABDE601C25C8AB6F00B6369B /* Debug */,
				ABDE601D25C8AB6F00B6369B /* Release */,
			);
			defaultConfigurationIsVisible = 0;
			defaultConfigurationName = Release;
		};
		ABDE601E25C8AB6F00B6369B /* Build configuration list for PBXNativeTarget "DynamicTypeDemo" */ = {
			isa = XCConfigurationList;
			buildConfigurations = (
				ABDE601F25C8AB6F00B6369B /* Debug */,
				ABDE602025C8AB6F00B6369B /* Release */,
			);
			defaultConfigurationIsVisible = 0;
			defaultConfigurationName = Release;
		};
/* End XCConfigurationList section */
	};
	rootObject = ABDE600225C8AB6E00B6369B /* Project object */;
}
